
Microsoft Visual Studio Solution File, Format Version 12.00
# Visual Studio Version 17
VisualStudioVersion = 17.4.33110.190
MinimumVisualStudioVersion = 10.0.40219.1
Project("{FAE04EC0-301F-11D3-BF4B-00C04F79EFBC}") = "MVCTestWebAppOffline", "MVCTestWebAppOffline\MVCTestWebAppOffline.csproj", "{B34175C6-AF5F-4817-9D14-9BD472F6C0ED}"
EndProject
Global
	GlobalSection(SolutionConfigurationPlatforms) = preSolution
		Debug|Any CPU = Debug|Any CPU
		Release|Any CPU = Release|Any CPU
	EndGlobalSection
	GlobalSection(ProjectConfigurationPlatforms) = postSolution
		{B34175C6-AF5F-4817-9D14-9BD472F6C0ED}.Debug|Any CPU.ActiveCfg = Debug|Any CPU
		{B34175C6-AF5F-4817-9D14-9BD472F6C0ED}.Debug|Any CPU.Build.0 = Debug|Any CPU
		{B34175C6-AF5F-4817-9D14-9BD472F6C0ED}.Release|Any CPU.ActiveCfg = Release|Any CPU
		{B34175C6-AF5F-4817-9D14-9BD472F6C0ED}.Release|Any CPU.Build.0 = Release|Any CPU
	EndGlobalSection
	GlobalSection(SolutionProperties) = preSolution
		HideSolutionNode = FALSE
	EndGlobalSection
	GlobalSection(ExtensibilityGlobals) = postSolution
		SolutionGuid = {FCF695BD-52FC-4697-817D-EB518BF4D94D}
	EndGlobalSection
EndGlobal
