
Microsoft Visual Studio Solution File, Format Version 12.00
# Visual Studio Version 17
VisualStudioVersion = 17.3.32922.545
MinimumVisualStudioVersion = 10.0.40219.1
Project("{FAE04EC0-301F-11D3-BF4B-00C04F79EFBC}") = "TimRazor", "TimRazor\TimRazor.csproj", "{BCC0C339-D26F-456E-A751-2BD3596C6988}"
EndProject
Global
	GlobalSection(SolutionConfigurationPlatforms) = preSolution
		Debug|Any CPU = Debug|Any CPU
		Release|Any CPU = Release|Any CPU
	EndGlobalSection
	GlobalSection(ProjectConfigurationPlatforms) = postSolution
		{BCC0C339-D26F-456E-A751-2BD3596C6988}.Debug|Any CPU.ActiveCfg = Debug|Any CPU
		{BCC0C339-D26F-456E-A751-2BD3596C6988}.Debug|Any CPU.Build.0 = Debug|Any CPU
		{BCC0C339-D26F-456E-A751-2BD3596C6988}.Release|Any CPU.ActiveCfg = Release|Any CPU
		{BCC0C339-D26F-456E-A751-2BD3596C6988}.Release|Any CPU.Build.0 = Release|Any CPU
	EndGlobalSection
	GlobalSection(SolutionProperties) = preSolution
		HideSolutionNode = FALSE
	EndGlobalSection
	GlobalSection(ExtensibilityGlobals) = postSolution
		SolutionGuid = {8033D69C-30B8-4C10-9CDB-A384D44D05C0}
	EndGlobalSection
EndGlobal
