
Microsoft Visual Studio Solution File, Format Version 12.00
# Visual Studio Version 17
VisualStudioVersion = 17.2.32602.215
MinimumVisualStudioVersion = 10.0.40219.1
Project("{FAE04EC0-301F-11D3-BF4B-00C04F79EFBC}") = "MVCBooking", "MVCBooking\MVCBooking.csproj", "{976EF4A6-28B4-4249-A477-3249117C0255}"
EndProject
Project("{FAE04EC0-301F-11D3-BF4B-00C04F79EFBC}") = "ClassLibBooking", "ClassLibBooking\ClassLibBooking.csproj", "{2050AF06-627B-4B60-8C4C-AC796F5A2BB5}"
EndProject
Global
	GlobalSection(SolutionConfigurationPlatforms) = preSolution
		Debug|Any CPU = Debug|Any CPU
		Release|Any CPU = Release|Any CPU
	EndGlobalSection
	GlobalSection(ProjectConfigurationPlatforms) = postSolution
		{976EF4A6-28B4-4249-A477-3249117C0255}.Debug|Any CPU.ActiveCfg = Debug|Any CPU
		{976EF4A6-28B4-4249-A477-3249117C0255}.Debug|Any CPU.Build.0 = Debug|Any CPU
		{976EF4A6-28B4-4249-A477-3249117C0255}.Release|Any CPU.ActiveCfg = Release|Any CPU
		{976EF4A6-28B4-4249-A477-3249117C0255}.Release|Any CPU.Build.0 = Release|Any CPU
		{2050AF06-627B-4B60-8C4C-AC796F5A2BB5}.Debug|Any CPU.ActiveCfg = Debug|Any CPU
		{2050AF06-627B-4B60-8C4C-AC796F5A2BB5}.Debug|Any CPU.Build.0 = Debug|Any CPU
		{2050AF06-627B-4B60-8C4C-AC796F5A2BB5}.Release|Any CPU.ActiveCfg = Release|Any CPU
		{2050AF06-627B-4B60-8C4C-AC796F5A2BB5}.Release|Any CPU.Build.0 = Release|Any CPU
	EndGlobalSection
	GlobalSection(SolutionProperties) = preSolution
		HideSolutionNode = FALSE
	EndGlobalSection
	GlobalSection(ExtensibilityGlobals) = postSolution
		SolutionGuid = {B212CC62-443A-4AEB-9FEE-C9E2B0EC320F}
	EndGlobalSection
EndGlobal
