
Microsoft Visual Studio Solution File, Format Version 12.00
# Visual Studio Version 17
VisualStudioVersion = 17.3.32929.385
MinimumVisualStudioVersion = 10.0.40219.1
Project("{FAE04EC0-301F-11D3-BF4B-00C04F79EFBC}") = "Razor_VakantieOEf1", "Razor_VakantieOEf1\Razor_VakantieOEf1.csproj", "{2B4A3FC3-E50A-4D4E-8F4B-F3EC5605DD70}"
EndProject
Global
	GlobalSection(SolutionConfigurationPlatforms) = preSolution
		Debug|Any CPU = Debug|Any CPU
		Release|Any CPU = Release|Any CPU
	EndGlobalSection
	GlobalSection(ProjectConfigurationPlatforms) = postSolution
		{2B4A3FC3-E50A-4D4E-8F4B-F3EC5605DD70}.Debug|Any CPU.ActiveCfg = Debug|Any CPU
		{2B4A3FC3-E50A-4D4E-8F4B-F3EC5605DD70}.Debug|Any CPU.Build.0 = Debug|Any CPU
		{2B4A3FC3-E50A-4D4E-8F4B-F3EC5605DD70}.Release|Any CPU.ActiveCfg = Release|Any CPU
		{2B4A3FC3-E50A-4D4E-8F4B-F3EC5605DD70}.Release|Any CPU.Build.0 = Release|Any CPU
	EndGlobalSection
	GlobalSection(SolutionProperties) = preSolution
		HideSolutionNode = FALSE
	EndGlobalSection
	GlobalSection(ExtensibilityGlobals) = postSolution
		SolutionGuid = {A4BF2354-F126-4A40-8911-C94A164AD242}
	EndGlobalSection
EndGlobal
